// !$*UTF8*$!
{
	archiveVersion = 1;
	classes = {
	};
	objectVersion = 55;
	objects = {

/* Begin PBXBuildFile section */
		A74F7734272A0E99005AD86A /* AppDelegate.swift in Sources */ = {isa = PBXBuildFile; fileRef = A74F7733272A0E99005AD86A /* AppDelegate.swift */; };
		A74F7736272A0E99005AD86A /* SceneDelegate.swift in Sources */ = {isa = PBXBuildFile; fileRef = A74F7735272A0E99005AD86A /* SceneDelegate.swift */; };
		A74F7738272A0E99005AD86A /* ViewController.swift in Sources */ = {isa = PBXBuildFile; fileRef = A74F7737272A0E99005AD86A /* ViewController.swift */; };
		A74F773B272A0E99005AD86A /* Main.storyboard in Resources */ = {isa = PBXBuildFile; fileRef = A74F7739272A0E99005AD86A /* Main.storyboard */; };
		A74F773D272A0E9D005AD86A /* Assets.xcassets in Resources */ = {isa = PBXBuildFile; fileRef = A74F773C272A0E9D005AD86A /* Assets.xcassets */; };
		A74F7740272A0E9D005AD86A /* LaunchScreen.storyboard in Resources */ = {isa = PBXBuildFile; fileRef = A74F773E272A0E9D005AD86A /* LaunchScreen.storyboard */; };
		A7D05B66273C96B40000ADF6 /* Questions.swift in Sources */ = {isa = PBXBuildFile; fileRef = A7D05B65273C96B40000ADF6 /* Questions.swift */; };
		A7D05B6B273C9F3F0000ADF6 /* QuizBrain.swift in Sources */ = {isa = PBXBuildFile; fileRef = A7D05B6A273C9F3F0000ADF6 /* QuizBrain.swift */; };
/* End PBXBuildFile section */

/* Begin PBXFileReference section */
		A74F7730272A0E99005AD86A /* Quiz APP.app */ = {isa = PBXFileReference; explicitFileType = wrapper.application; includeInIndex = 0; path = "Quiz APP.app"; sourceTree = BUILT_PRODUCTS_DIR; };
		A74F7733272A0E99005AD86A /* AppDelegate.swift */ = {isa = PBXFileReference; lastKnownFileType = sourcecode.swift; path = AppDelegate.swift; sourceTree = "<group>"; };
		A74F7735272A0E99005AD86A /* SceneDelegate.swift */ = {isa = PBXFileReference; lastKnownFileType = sourcecode.swift; path = SceneDelegate.swift; sourceTree = "<group>"; };
		A74F7737272A0E99005AD86A /* ViewController.swift */ = {isa = PBXFileReference; lastKnownFileType = sourcecode.swift; path = ViewController.swift; sourceTree = "<group>"; };
		A74F773A272A0E99005AD86A /* Base */ = {isa = PBXFileReference; lastKnownFileType = file.storyboard; name = Base; path = Base.lproj/Main.storyboard; sourceTree = "<group>"; };
		A74F773C272A0E9D005AD86A /* Assets.xcassets */ = {isa = PBXFileReference; lastKnownFileType = folder.assetcatalog; path = Assets.xcassets; sourceTree = "<group>"; };
		A74F773F272A0E9D005AD86A /* Base */ = {isa = PBXFileReference; lastKnownFileType = file.storyboard; name = Base; path = Base.lproj/LaunchScreen.storyboard; sourceTree = "<group>"; };
		A74F7741272A0E9D005AD86A /* Info.plist */ = {isa = PBXFileReference; lastKnownFileType = text.plist.xml; path = Info.plist; sourceTree = "<group>"; };
		A7D05B65273C96B40000ADF6 /* Questions.swift */ = {isa = PBXFileReference; lastKnownFileType = sourcecode.swift; path = Questions.swift; sourceTree = "<group>"; };
		A7D05B6A273C9F3F0000ADF6 /* QuizBrain.swift */ = {isa = PBXFileReference; lastKnownFileType = sourcecode.swift; path = QuizBrain.swift; sourceTree = "<group>"; };
/* End PBXFileReference section */

/* Begin PBXFrameworksBuildPhase section */
		A74F772D272A0E99005AD86A /* Frameworks */ = {
			isa = PBXFrameworksBuildPhase;
			buildActionMask = 2147483647;
			files = (
			);
			runOnlyForDeploymentPostprocessing = 0;
		};
/* End PBXFrameworksBuildPhase section */

/* Begin PBXGroup section */
		A74F7727272A0E99005AD86A = {
			isa = PBXGroup;
			children = (
				A74F7732272A0E99005AD86A /* Quiz APP */,
				A74F7731272A0E99005AD86A /* Products */,
			);
			sourceTree = "<group>";
		};
		A74F7731272A0E99005AD86A /* Products */ = {
			isa = PBXGroup;
			children = (
				A74F7730272A0E99005AD86A /* Quiz APP.app */,
			);
			name = Products;
			sourceTree = "<group>";
		};
		A74F7732272A0E99005AD86A /* Quiz APP */ = {
			isa = PBXGroup;
			children = (
				A74F7733272A0E99005AD86A /* AppDelegate.swift */,
				A74F7735272A0E99005AD86A /* SceneDelegate.swift */,
				A7D05B69273C9C460000ADF6 /* Model */,
				A7D05B67273C9BE00000ADF6 /* View */,
				A7D05B68273C9C130000ADF6 /* Controller */,
				A74F773C272A0E9D005AD86A /* Assets.xcassets */,
				A74F773E272A0E9D005AD86A /* LaunchScreen.storyboard */,
				A74F7741272A0E9D005AD86A /* Info.plist */,
			);
			path = "Quiz APP";
			sourceTree = "<group>";
		};
		A7D05B67273C9BE00000ADF6 /* View */ = {
			isa = PBXGroup;
			children = (
				A74F7739272A0E99005AD86A /* Main.storyboard */,
			);
			path = View;
			sourceTree = "<group>";
		};
		A7D05B68273C9C130000ADF6 /* Controller */ = {
			isa = PBXGroup;
			children = (
				A74F7737272A0E99005AD86A /* ViewController.swift */,
			);
			path = Controller;
			sourceTree = "<group>";
		};
		A7D05B69273C9C460000ADF6 /* Model */ = {
			isa = PBXGroup;
			children = (
				A7D05B65273C96B40000ADF6 /* Questions.swift */,
				A7D05B6A273C9F3F0000ADF6 /* QuizBrain.swift */,
			);
			path = Model;
			sourceTree = "<group>";
		};
/* End PBXGroup section */

/* Begin PBXNativeTarget section */
		A74F772F272A0E99005AD86A /* Quiz APP */ = {
			isa = PBXNativeTarget;
			buildConfigurationList = A74F7744272A0E9D005AD86A /* Build configuration list for PBXNativeTarget "Quiz APP" */;
			buildPhases = (
				A74F772C272A0E99005AD86A /* Sources */,
				A74F772D272A0E99005AD86A /* Frameworks */,
				A74F772E272A0E99005AD86A /* Resources */,
			);
			buildRules = (
			);
			dependencies = (
			);
			name = "Quiz APP";
			productName = "Quiz APP";
			productReference = A74F7730272A0E99005AD86A /* Quiz APP.app */;
			productType = "com.apple.product-type.application";
		};
/* End PBXNativeTarget section */

/* Begin PBXProject section */
		A74F7728272A0E99005AD86A /* Project object */ = {
			isa = PBXProject;
			attributes = {
				BuildIndependentTargetsInParallel = 1;
				LastSwiftUpdateCheck = 1300;
				LastUpgradeCheck = 1300;
				TargetAttributes = {
					A74F772F272A0E99005AD86A = {
						CreatedOnToolsVersion = 13.0;
					};
				};
			};
			buildConfigurationList = A74F772B272A0E99005AD86A /* Build configuration list for PBXProject "Quiz APP" */;
			compatibilityVersion = "Xcode 13.0";
			developmentRegion = en;
			hasScannedForEncodings = 0;
			knownRegions = (
				en,
				Base,
			);
			mainGroup = A74F7727272A0E99005AD86A;
			productRefGroup = A74F7731272A0E99005AD86A /* Products */;
			projectDirPath = "";
			projectRoot = "";
			targets = (
				A74F772F272A0E99005AD86A /* Quiz APP */,
			);
		};
/* End PBXProject section */

/* Begin PBXResourcesBuildPhase section */
		A74F772E272A0E99005AD86A /* Resources */ = {
			isa = PBXResourcesBuildPhase;
			buildActionMask = 2147483647;
			files = (
				A74F7740272A0E9D005AD86A /* LaunchScreen.storyboard in Resources */,
				A74F773D272A0E9D005AD86A /* Assets.xcassets in Resources */,
				A74F773B272A0E99005AD86A /* Main.storyboard in Resources */,
			);
			runOnlyForDeploymentPostprocessing = 0;
		};
/* End PBXResourcesBuildPhase section */

/* Begin PBXSourcesBuildPhase section */
		A74F772C272A0E99005AD86A /* Sources */ = {
			isa = PBXSourcesBuildPhase;
			buildActionMask = 2147483647;
			files = (
				A7D05B6B273C9F3F0000ADF6 /* QuizBrain.swift in Sources */,
				A74F7738272A0E99005AD86A /* ViewController.swift in Sources */,
				A7D05B66273C96B40000ADF6 /* Questions.swift in Sources */,
				A74F7734272A0E99005AD86A /* AppDelegate.swift in Sources */,
				A74F7736272A0E99005AD86A /* SceneDelegate.swift in Sources */,
			);
			runOnlyForDeploymentPostprocessing = 0;
		};
/* End PBXSourcesBuildPhase section */

/* Begin PBXVariantGroup section */
		A74F7739272A0E99005AD86A /* Main.storyboard */ = {
			isa = PBXVariantGroup;
			children = (
				A74F773A272A0E99005AD86A /* Base */,
			);
			name = Main.storyboard;
			sourceTree = "<group>";
		};
		A74F773E272A0E9D005AD86A /* LaunchScreen.storyboard */ = {
			isa = PBXVariantGroup;
			children = (
				A74F773F272A0E9D005AD86A /* Base */,
			);
			name = LaunchScreen.storyboard;
			sourceTree = "<group>";
		};
/* End PBXVariantGroup section */

/* Begin XCBuildConfiguration section */
		A74F7742272A0E9D005AD86A /* Debug */ = {
			isa = XCBuildConfiguration;
			buildSettings = {
				ALWAYS_SEARCH_USER_PATHS = NO;
				CLANG_ANALYZER_NONNULL = YES;
				CLANG_ANALYZER_NUMBER_OBJECT_CONVERSION = YES_AGGRESSIVE;
				CLANG_CXX_LANGUAGE_STANDARD = "gnu++17";
				CLANG_CXX_LIBRARY = "libc++";
				CLANG_ENABLE_MODULES = YES;
				CLANG_ENABLE_OBJC_ARC = YES;
				CLANG_ENABLE_OBJC_WEAK = YES;
				CLANG_WARN_BLOCK_CAPTURE_AUTORELEASING = YES;
				CLANG_WARN_BOOL_CONVERSION = YES;
				CLANG_WARN_COMMA = YES;
				CLANG_WARN_CONSTANT_CONVERSION = YES;
				CLANG_WARN_DEPRECATED_OBJC_IMPLEMENTATIONS = YES;
				CLANG_WARN_DIRECT_OBJC_ISA_USAGE = YES_ERROR;
				CLANG_WARN_DOCUMENTATION_COMMENTS = YES;
				CLANG_WARN_EMPTY_BODY = YES;
				CLANG_WARN_ENUM_CONVERSION = YES;
				CLANG_WARN_INFINITE_RECURSION = YES;
				CLANG_WARN_INT_CONVERSION = YES;
				CLANG_WARN_NON_LITERAL_NULL_CONVERSION = YES;
				CLANG_WARN_OBJC_IMPLICIT_RETAIN_SELF = YES;
				CLANG_WARN_OBJC_LITERAL_CONVERSION = YES;
				CLANG_WARN_OBJC_ROOT_CLASS = YES_ERROR;
				CLANG_WARN_QUOTED_INCLUDE_IN_FRAMEWORK_HEADER = YES;
				CLANG_WARN_RANGE_LOOP_ANALYSIS = YES;
				CLANG_WARN_STRICT_PROTOTYPES = YES;
				CLANG_WARN_SUSPICIOUS_MOVE = YES;
				CLANG_WARN_UNGUARDED_AVAILABILITY = YES_AGGRESSIVE;
				CLANG_WARN_UNREACHABLE_CODE = YES;
				CLANG_WARN__DUPLICATE_METHOD_MATCH = YES;
				COPY_PHASE_STRIP = NO;
				DEBUG_INFORMATION_FORMAT = dwarf;
				ENABLE_STRICT_OBJC_MSGSEND = YES;
				ENABLE_TESTABILITY = YES;
				GCC_C_LANGUAGE_STANDARD = gnu11;
				GCC_DYNAMIC_NO_PIC = NO;
				GCC_NO_COMMON_BLOCKS = YES;
				GCC_OPTIMIZATION_LEVEL = 0;
				GCC_PREPROCESSOR_DEFINITIONS = (
					"DEBUG=1",
					"$(inherited)",
				);
				GCC_WARN_64_TO_32_BIT_CONVERSION = YES;
				GCC_WARN_ABOUT_RETURN_TYPE = YES_ERROR;
				GCC_WARN_UNDECLARED_SELECTOR = YES;
				GCC_WARN_UNINITIALIZED_AUTOS = YES_AGGRESSIVE;
				GCC_WARN_UNUSED_FUNCTION = YES;
				GCC_WARN_UNUSED_VARIABLE = YES;
				IPHONEOS_DEPLOYMENT_TARGET = 15.0;
				MTL_ENABLE_DEBUG_INFO = INCLUDE_SOURCE;
				MTL_FAST_MATH = YES;
				ONLY_ACTIVE_ARCH = YES;
				SDKROOT = iphoneos;
				SWIFT_ACTIVE_COMPILATION_CONDITIONS = DEBUG;
				SWIFT_OPTIMIZATION_LEVEL = "-Onone";
			};
			name = Debug;
		};
		A74F7743272A0E9D005AD86A /* Release */ = {
			isa = XCBuildConfiguration;
			buildSettings = {
				ALWAYS_SEARCH_USER_PATHS = NO;
				CLANG_ANALYZER_NONNULL = YES;
				CLANG_ANALYZER_NUMBER_OBJECT_CONVERSION = YES_AGGRESSIVE;
				CLANG_CXX_LANGUAGE_STANDARD = "gnu++17";
				CLANG_CXX_LIBRARY = "libc++";
				CLANG_ENABLE_MODULES = YES;
				CLANG_ENABLE_OBJC_ARC = YES;
				CLANG_ENABLE_OBJC_WEAK = YES;
				CLANG_WARN_BLOCK_CAPTURE_AUTORELEASING = YES;
				CLANG_WARN_BOOL_CONVERSION = YES;
				CLANG_WARN_COMMA = YES;
				CLANG_WARN_CONSTANT_CONVERSION = YES;
				CLANG_WARN_DEPRECATED_OBJC_IMPLEMENTATIONS = YES;
				CLANG_WARN_DIRECT_OBJC_ISA_USAGE = YES_ERROR;
				CLANG_WARN_DOCUMENTATION_COMMENTS = YES;
				CLANG_WARN_EMPTY_BODY = YES;
				CLANG_WARN_ENUM_CONVERSION = YES;
				CLANG_WARN_INFINITE_RECURSION = YES;
				CLANG_WARN_INT_CONVERSION = YES;
				CLANG_WARN_NON_LITERAL_NULL_CONVERSION = YES;
				CLANG_WARN_OBJC_IMPLICIT_RETAIN_SELF = YES;
				CLANG_WARN_OBJC_LITERAL_CONVERSION = YES;
				CLANG_WARN_OBJC_ROOT_CLASS = YES_ERROR;
				CLANG_WARN_QUOTED_INCLUDE_IN_FRAMEWORK_HEADER = YES;
				CLANG_WARN_RANGE_LOOP_ANALYSIS = YES;
				CLANG_WARN_STRICT_PROTOTYPES = YES;
				CLANG_WARN_SUSPICIOUS_MOVE = YES;
				CLANG_WARN_UNGUARDED_AVAILABILITY = YES_AGGRESSIVE;
				CLANG_WARN_UNREACHABLE_CODE = YES;
				CLANG_WARN__DUPLICATE_METHOD_MATCH = YES;
				COPY_PHASE_STRIP = NO;
				DEBUG_INFORMATION_FORMAT = "dwarf-with-dsym";
				ENABLE_NS_ASSERTIONS = NO;
				ENABLE_STRICT_OBJC_MSGSEND = YES;
				GCC_C_LANGUAGE_STANDARD = gnu11;
				GCC_NO_COMMON_BLOCKS = YES;
				GCC_WARN_64_TO_32_BIT_CONVERSION = YES;
				GCC_WARN_ABOUT_RETURN_TYPE = YES_ERROR;
				GCC_WARN_UNDECLARED_SELECTOR = YES;
				GCC_WARN_UNINITIALIZED_AUTOS = YES_AGGRESSIVE;
				GCC_WARN_UNUSED_FUNCTION = YES;
				GCC_WARN_UNUSED_VARIABLE = YES;
				IPHONEOS_DEPLOYMENT_TARGET = 15.0;
				MTL_ENABLE_DEBUG_INFO = NO;
				MTL_FAST_MATH = YES;
				SDKROOT = iphoneos;
				SWIFT_COMPILATION_MODE = wholemodule;
				SWIFT_OPTIMIZATION_LEVEL = "-O";
				VALIDATE_PRODUCT = YES;
			};
			name = Release;
		};
		A74F7745272A0E9D005AD86A /* Debug */ = {
			isa = XCBuildConfiguration;
			buildSettings = {
				ASSETCATALOG_COMPILER_APPICON_NAME = AppIcon;
				ASSETCATALOG_COMPILER_GLOBAL_ACCENT_COLOR_NAME = AccentColor;
				CODE_SIGN_STYLE = Automatic;
				CURRENT_PROJECT_VERSION = 1;
				DEVELOPMENT_TEAM = 6C78YT6XLP;
				GENERATE_INFOPLIST_FILE = YES;
				INFOPLIST_FILE = "Quiz APP/Info.plist";
				INFOPLIST_KEY_UIApplicationSupportsIndirectInputEvents = YES;
				INFOPLIST_KEY_UILaunchStoryboardName = LaunchScreen;
				INFOPLIST_KEY_UIMainStoryboardFile = Main;
				INFOPLIST_KEY_UISupportedInterfaceOrientations_iPad = "UIInterfaceOrientationPortrait UIInterfaceOrientationPortraitUpsideDown UIInterfaceOrientationLandscapeLeft UIInterfaceOrientationLandscapeRight";
				INFOPLIST_KEY_UISupportedInterfaceOrientations_iPhone = "UIInterfaceOrientationPortrait UIInterfaceOrientationLandscapeLeft UIInterfaceOrientationLandscapeRight";
				LD_RUNPATH_SEARCH_PATHS = (
					"$(inherited)",
					"@executable_path/Frameworks",
				);
				MARKETING_VERSION = 1.0;
				PRODUCT_BUNDLE_IDENTIFIER = "MiltonCasiano88.Quiz-APP";
				PRODUCT_NAME = "$(TARGET_NAME)";
				SWIFT_EMIT_LOC_STRINGS = YES;
				SWIFT_VERSION = 5.0;
				TARGETED_DEVICE_FAMILY = "1,2";
			};
			name = Debug;
		};
		A74F7746272A0E9D005AD86A /* Release */ = {
			isa = XCBuildConfiguration;
			buildSettings = {
				ASSETCATALOG_COMPILER_APPICON_NAME = AppIcon;
				ASSETCATALOG_COMPILER_GLOBAL_ACCENT_COLOR_NAME = AccentColor;
				CODE_SIGN_STYLE = Automatic;
				CURRENT_PROJECT_VERSION = 1;
				DEVELOPMENT_TEAM = 6C78YT6XLP;
				GENERATE_INFOPLIST_FILE = YES;
				INFOPLIST_FILE = "Quiz APP/Info.plist";
				INFOPLIST_KEY_UIApplicationSupportsIndirectInputEvents = YES;
				INFOPLIST_KEY_UILaunchStoryboardName = LaunchScreen;
				INFOPLIST_KEY_UIMainStoryboardFile = Main;
				INFOPLIST_KEY_UISupportedInterfaceOrientations_iPad = "UIInterfaceOrientationPortrait UIInterfaceOrientationPortraitUpsideDown UIInterfaceOrientationLandscapeLeft UIInterfaceOrientationLandscapeRight";
				INFOPLIST_KEY_UISupportedInterfaceOrientations_iPhone = "UIInterfaceOrientationPortrait UIInterfaceOrientationLandscapeLeft UIInterfaceOrientationLandscapeRight";
				LD_RUNPATH_SEARCH_PATHS = (
					"$(inherited)",
					"@executable_path/Frameworks",
				);
				MARKETING_VERSION = 1.0;
				PRODUCT_BUNDLE_IDENTIFIER = "MiltonCasiano88.Quiz-APP";
				PRODUCT_NAME = "$(TARGET_NAME)";
				SWIFT_EMIT_LOC_STRINGS = YES;
				SWIFT_VERSION = 5.0;
				TARGETED_DEVICE_FAMILY = "1,2";
			};
			name = Release;
		};
/* End XCBuildConfiguration section */

/* Begin XCConfigurationList section */
		A74F772B272A0E99005AD86A /* Build configuration list for PBXProject "Quiz APP" */ = {
			isa = XCConfigurationList;
			buildConfigurations = (
				A74F7742272A0E9D005AD86A /* Debug */,
				A74F7743272A0E9D005AD86A /* Release */,
			);
			defaultConfigurationIsVisible = 0;
			defaultConfigurationName = Release;
		};
		A74F7744272A0E9D005AD86A /* Build configuration list for PBXNativeTarget "Quiz APP" */ = {
			isa = XCConfigurationList;
			buildConfigurations = (
				A74F7745272A0E9D005AD86A /* Debug */,
				A74F7746272A0E9D005AD86A /* Release */,
			);
			defaultConfigurationIsVisible = 0;
			defaultConfigurationName = Release;
		};
/* End XCConfigurationList section */
	};
	rootObject = A74F7728272A0E99005AD86A /* Project object */;
}
